// !$*UTF8*$!
{
	archiveVersion = 1;
	classes = {
	};
	objectVersion = 56;
	objects = {

/* Begin PBXBuildFile section */
		2F66DDD62B0896AC0034A863 /* DependencyInjector.swift in Sources */ = {isa = PBXBuildFile; fileRef = 2F66DDD52B0896AC0034A863 /* DependencyInjector.swift */; };
		2F66DDD82B08970A0034A863 /* ImageExtension.swift in Sources */ = {isa = PBXBuildFile; fileRef = 2F66DDD72B08970A0034A863 /* ImageExtension.swift */; };
		2F66DDDA2B08971A0034A863 /* ColorExtension.swift in Sources */ = {isa = PBXBuildFile; fileRef = 2F66DDD92B08971A0034A863 /* ColorExtension.swift */; };
		2F66DDDD2B08973C0034A863 /* BaseViewModel.swift in Sources */ = {isa = PBXBuildFile; fileRef = 2F66DDDC2B08973C0034A863 /* BaseViewModel.swift */; };
		2F66DDDF2B0897A90034A863 /* BaseCoordinator.swift in Sources */ = {isa = PBXBuildFile; fileRef = 2F66DDDE2B0897A90034A863 /* BaseCoordinator.swift */; };
		2F66DDEB2B089AFF0034A863 /* BaseUseCase.swift in Sources */ = {isa = PBXBuildFile; fileRef = 2F66DDEA2B089AFF0034A863 /* BaseUseCase.swift */; };
		2F66DDEE2B089CD90034A863 /* BaseView.swift in Sources */ = {isa = PBXBuildFile; fileRef = 2F66DDED2B089CD90034A863 /* BaseView.swift */; };
		2F66DDF02B089D640034A863 /* BaseViewDidLoadModifier.swift in Sources */ = {isa = PBXBuildFile; fileRef = 2F66DDEF2B089D640034A863 /* BaseViewDidLoadModifier.swift */; };
		2F66DDF22B089D990034A863 /* ViewExtension.swift in Sources */ = {isa = PBXBuildFile; fileRef = 2F66DDF12B089D990034A863 /* ViewExtension.swift */; };
		2F66DDF52B08A8450034A863 /* Localizable.strings in Resources */ = {isa = PBXBuildFile; fileRef = 2F66DDF72B08A8450034A863 /* Localizable.strings */; };
		2F66DDFA2B09D3F70034A863 /* Launch Screen.storyboard in Resources */ = {isa = PBXBuildFile; fileRef = 2F66DDF92B09D3F70034A863 /* Launch Screen.storyboard */; };
		2F66DDFC2B09D4640034A863 /* Icon.xcassets in Resources */ = {isa = PBXBuildFile; fileRef = 2F66DDFB2B09D4640034A863 /* Icon.xcassets */; };
		2F66DDFE2B09D49E0034A863 /* Colors.xcassets in Resources */ = {isa = PBXBuildFile; fileRef = 2F66DDFD2B09D49E0034A863 /* Colors.xcassets */; };
		2F8E136A2B01DD9E007920E1 /* CookSecretApp.swift in Sources */ = {isa = PBXBuildFile; fileRef = 2F8E13692B01DD9E007920E1 /* CookSecretApp.swift */; };
		2F8E136C2B01DD9E007920E1 /* ContentView.swift in Sources */ = {isa = PBXBuildFile; fileRef = 2F8E136B2B01DD9E007920E1 /* ContentView.swift */; };
		2F8E136E2B01DDA0007920E1 /* Pictures.xcassets in Resources */ = {isa = PBXBuildFile; fileRef = 2F8E136D2B01DDA0007920E1 /* Pictures.xcassets */; };
		2F8E13762B01DDA0007920E1 /* CookSecret.xcdatamodeld in Sources */ = {isa = PBXBuildFile; fileRef = 2F8E13742B01DDA0007920E1 /* CookSecret.xcdatamodeld */; };
		2F8E13822B01DDA1007920E1 /* CookSecretTests.swift in Sources */ = {isa = PBXBuildFile; fileRef = 2F8E13812B01DDA1007920E1 /* CookSecretTests.swift */; };
		2F8E138C2B01DDA1007920E1 /* CookSecretUITests.swift in Sources */ = {isa = PBXBuildFile; fileRef = 2F8E138B2B01DDA1007920E1 /* CookSecretUITests.swift */; };
		2F8E138E2B01DDA1007920E1 /* CookSecretUITestsLaunchTests.swift in Sources */ = {isa = PBXBuildFile; fileRef = 2F8E138D2B01DDA1007920E1 /* CookSecretUITestsLaunchTests.swift */; };
		2F8E139B2B01DFC8007920E1 /* .swiftlint.yml in Resources */ = {isa = PBXBuildFile; fileRef = 2F8E139A2B01DFC8007920E1 /* .swiftlint.yml */; };
/* End PBXBuildFile section */

/* Begin PBXContainerItemProxy section */
		2F8E137E2B01DDA1007920E1 /* PBXContainerItemProxy */ = {
			isa = PBXContainerItemProxy;
			containerPortal = 2F8E135E2B01DD9E007920E1 /* Project object */;
			proxyType = 1;
			remoteGlobalIDString = 2F8E13652B01DD9E007920E1;
			remoteInfo = CookSecret;
		};
		2F8E13882B01DDA1007920E1 /* PBXContainerItemProxy */ = {
			isa = PBXContainerItemProxy;
			containerPortal = 2F8E135E2B01DD9E007920E1 /* Project object */;
			proxyType = 1;
			remoteGlobalIDString = 2F8E13652B01DD9E007920E1;
			remoteInfo = CookSecret;
		};
/* End PBXContainerItemProxy section */

/* Begin PBXFileReference section */
		2F66DDD52B0896AC0034A863 /* DependencyInjector.swift */ = {isa = PBXFileReference; lastKnownFileType = sourcecode.swift; path = DependencyInjector.swift; sourceTree = "<group>"; };
		2F66DDD72B08970A0034A863 /* ImageExtension.swift */ = {isa = PBXFileReference; lastKnownFileType = sourcecode.swift; path = ImageExtension.swift; sourceTree = "<group>"; };
		2F66DDD92B08971A0034A863 /* ColorExtension.swift */ = {isa = PBXFileReference; lastKnownFileType = sourcecode.swift; path = ColorExtension.swift; sourceTree = "<group>"; };
		2F66DDDC2B08973C0034A863 /* BaseViewModel.swift */ = {isa = PBXFileReference; lastKnownFileType = sourcecode.swift; path = BaseViewModel.swift; sourceTree = "<group>"; };
		2F66DDDE2B0897A90034A863 /* BaseCoordinator.swift */ = {isa = PBXFileReference; lastKnownFileType = sourcecode.swift; path = BaseCoordinator.swift; sourceTree = "<group>"; };
		2F66DDEA2B089AFF0034A863 /* BaseUseCase.swift */ = {isa = PBXFileReference; lastKnownFileType = sourcecode.swift; path = BaseUseCase.swift; sourceTree = "<group>"; };
		2F66DDED2B089CD90034A863 /* BaseView.swift */ = {isa = PBXFileReference; lastKnownFileType = sourcecode.swift; path = BaseView.swift; sourceTree = "<group>"; };
		2F66DDEF2B089D640034A863 /* BaseViewDidLoadModifier.swift */ = {isa = PBXFileReference; lastKnownFileType = sourcecode.swift; path = BaseViewDidLoadModifier.swift; sourceTree = "<group>"; };
		2F66DDF12B089D990034A863 /* ViewExtension.swift */ = {isa = PBXFileReference; lastKnownFileType = sourcecode.swift; path = ViewExtension.swift; sourceTree = "<group>"; };
		2F66DDF62B08A8450034A863 /* es */ = {isa = PBXFileReference; lastKnownFileType = text.plist.strings; name = es; path = es.lproj/Localizable.strings; sourceTree = "<group>"; };
		2F66DDF82B08A8470034A863 /* en */ = {isa = PBXFileReference; lastKnownFileType = text.plist.strings; name = en; path = en.lproj/Localizable.strings; sourceTree = "<group>"; };
		2F66DDF92B09D3F70034A863 /* Launch Screen.storyboard */ = {isa = PBXFileReference; lastKnownFileType = file.storyboard; path = "Launch Screen.storyboard"; sourceTree = "<group>"; };
		2F66DDFB2B09D4640034A863 /* Icon.xcassets */ = {isa = PBXFileReference; lastKnownFileType = folder.assetcatalog; path = Icon.xcassets; sourceTree = "<group>"; };
		2F66DDFD2B09D49E0034A863 /* Colors.xcassets */ = {isa = PBXFileReference; lastKnownFileType = folder.assetcatalog; path = Colors.xcassets; sourceTree = "<group>"; };
		2F8E13662B01DD9E007920E1 /* CookSecret.app */ = {isa = PBXFileReference; explicitFileType = wrapper.application; includeInIndex = 0; path = CookSecret.app; sourceTree = BUILT_PRODUCTS_DIR; };
		2F8E13692B01DD9E007920E1 /* CookSecretApp.swift */ = {isa = PBXFileReference; lastKnownFileType = sourcecode.swift; path = CookSecretApp.swift; sourceTree = "<group>"; };
		2F8E136B2B01DD9E007920E1 /* ContentView.swift */ = {isa = PBXFileReference; lastKnownFileType = sourcecode.swift; path = ContentView.swift; sourceTree = "<group>"; };
		2F8E136D2B01DDA0007920E1 /* Pictures.xcassets */ = {isa = PBXFileReference; lastKnownFileType = folder.assetcatalog; path = Pictures.xcassets; sourceTree = "<group>"; };
		2F8E13752B01DDA0007920E1 /* CookSecret.xcdatamodel */ = {isa = PBXFileReference; lastKnownFileType = wrapper.xcdatamodel; path = CookSecret.xcdatamodel; sourceTree = "<group>"; };
		2F8E13772B01DDA0007920E1 /* CookSecret.entitlements */ = {isa = PBXFileReference; lastKnownFileType = text.plist.entitlements; path = CookSecret.entitlements; sourceTree = "<group>"; };
		2F8E13782B01DDA0007920E1 /* Info.plist */ = {isa = PBXFileReference; lastKnownFileType = text.plist.xml; path = Info.plist; sourceTree = "<group>"; };
		2F8E137D2B01DDA1007920E1 /* CookSecretTests.xctest */ = {isa = PBXFileReference; explicitFileType = wrapper.cfbundle; includeInIndex = 0; path = CookSecretTests.xctest; sourceTree = BUILT_PRODUCTS_DIR; };
		2F8E13812B01DDA1007920E1 /* CookSecretTests.swift */ = {isa = PBXFileReference; lastKnownFileType = sourcecode.swift; path = CookSecretTests.swift; sourceTree = "<group>"; };
		2F8E13872B01DDA1007920E1 /* CookSecretUITests.xctest */ = {isa = PBXFileReference; explicitFileType = wrapper.cfbundle; includeInIndex = 0; path = CookSecretUITests.xctest; sourceTree = BUILT_PRODUCTS_DIR; };
		2F8E138B2B01DDA1007920E1 /* CookSecretUITests.swift */ = {isa = PBXFileReference; lastKnownFileType = sourcecode.swift; path = CookSecretUITests.swift; sourceTree = "<group>"; };
		2F8E138D2B01DDA1007920E1 /* CookSecretUITestsLaunchTests.swift */ = {isa = PBXFileReference; lastKnownFileType = sourcecode.swift; path = CookSecretUITestsLaunchTests.swift; sourceTree = "<group>"; };
		2F8E139A2B01DFC8007920E1 /* .swiftlint.yml */ = {isa = PBXFileReference; fileEncoding = 4; lastKnownFileType = text.yaml; path = .swiftlint.yml; sourceTree = "<group>"; };
/* End PBXFileReference section */

/* Begin PBXFrameworksBuildPhase section */
		2F8E13632B01DD9E007920E1 /* Frameworks */ = {
			isa = PBXFrameworksBuildPhase;
			buildActionMask = 2147483647;
			files = (
			);
			runOnlyForDeploymentPostprocessing = 0;
		};
		2F8E137A2B01DDA1007920E1 /* Frameworks */ = {
			isa = PBXFrameworksBuildPhase;
			buildActionMask = 2147483647;
			files = (
			);
			runOnlyForDeploymentPostprocessing = 0;
		};
		2F8E13842B01DDA1007920E1 /* Frameworks */ = {
			isa = PBXFrameworksBuildPhase;
			buildActionMask = 2147483647;
			files = (
			);
			runOnlyForDeploymentPostprocessing = 0;
		};
/* End PBXFrameworksBuildPhase section */

/* Begin PBXGroup section */
		2F66DDC52B08958B0034A863 /* Data */ = {
			isa = PBXGroup;
			children = (
				2F66DDE62B0899880034A863 /* Entities */,
				2F66DDE52B08997C0034A863 /* Repositories */,
			);
			path = Data;
			sourceTree = "<group>";
		};
		2F66DDC62B0895930034A863 /* Domain */ = {
			isa = PBXGroup;
			children = (
				2F66DDE22B08993E0034A863 /* Entities */,
				2F66DDE12B0899340034A863 /* UseCases */,
				2F66DDE02B0899280034A863 /* Repositories */,
			);
			path = Domain;
			sourceTree = "<group>";
		};
		2F66DDC72B0895990034A863 /* Presentation */ = {
			isa = PBXGroup;
			children = (
				2F66DDC82B0895BF0034A863 /* Common */,
				2F66DDC92B0895C80034A863 /* Modules */,
			);
			path = Presentation;
			sourceTree = "<group>";
		};
		2F66DDC82B0895BF0034A863 /* Common */ = {
			isa = PBXGroup;
			children = (
				2F66DDCA2B0895D00034A863 /* Utils */,
				2F66DDCB2B0895D60034A863 /* Application */,
				2F66DDCC2B0895E20034A863 /* DependencyInjection */,
				2F66DDCD2B0895EE0034A863 /* Extensions */,
				2F66DDCE2B0895F40034A863 /* Base MVVM */,
				2F66DDCF2B0895F90034A863 /* Coordinators */,
				2F66DDD02B0896010034A863 /* Views */,
			);
			path = Common;
			sourceTree = "<group>";
		};
		2F66DDC92B0895C80034A863 /* Modules */ = {
			isa = PBXGroup;
			children = (
				2F66DDD12B08964F0034A863 /* Recipes */,
				2F66DDD22B0896560034A863 /* Explore */,
				2F66DDD32B0896600034A863 /* ShoppingLIst */,
				2F66DDD42B0896730034A863 /* Planning */,
			);
			path = Modules;
			sourceTree = "<group>";
		};
		2F66DDCA2B0895D00034A863 /* Utils */ = {
			isa = PBXGroup;
			children = (
			);
			path = Utils;
			sourceTree = "<group>";
		};
		2F66DDCB2B0895D60034A863 /* Application */ = {
			isa = PBXGroup;
			children = (
				2F8E13692B01DD9E007920E1 /* CookSecretApp.swift */,
			);
			path = Application;
			sourceTree = "<group>";
		};
		2F66DDCC2B0895E20034A863 /* DependencyInjection */ = {
			isa = PBXGroup;
			children = (
				2F66DDD52B0896AC0034A863 /* DependencyInjector.swift */,
			);
			path = DependencyInjection;
			sourceTree = "<group>";
		};
		2F66DDCD2B0895EE0034A863 /* Extensions */ = {
			isa = PBXGroup;
			children = (
				2F66DDD72B08970A0034A863 /* ImageExtension.swift */,
				2F66DDD92B08971A0034A863 /* ColorExtension.swift */,
				2F66DDF12B089D990034A863 /* ViewExtension.swift */,
			);
			path = Extensions;
			sourceTree = "<group>";
		};
		2F66DDCE2B0895F40034A863 /* Base MVVM */ = {
			isa = PBXGroup;
			children = (
				2F66DDDC2B08973C0034A863 /* BaseViewModel.swift */,
				2F66DDED2B089CD90034A863 /* BaseView.swift */,
				2F66DDEF2B089D640034A863 /* BaseViewDidLoadModifier.swift */,
			);
			path = "Base MVVM";
			sourceTree = "<group>";
		};
		2F66DDCF2B0895F90034A863 /* Coordinators */ = {
			isa = PBXGroup;
			children = (
				2F66DDDE2B0897A90034A863 /* BaseCoordinator.swift */,
			);
			path = Coordinators;
			sourceTree = "<group>";
		};
		2F66DDD02B0896010034A863 /* Views */ = {
			isa = PBXGroup;
			children = (
			);
			path = Views;
			sourceTree = "<group>";
		};
		2F66DDD12B08964F0034A863 /* Recipes */ = {
			isa = PBXGroup;
			children = (
				2F8E136B2B01DD9E007920E1 /* ContentView.swift */,
			);
			path = Recipes;
			sourceTree = "<group>";
		};
		2F66DDD22B0896560034A863 /* Explore */ = {
			isa = PBXGroup;
			children = (
			);
			path = Explore;
			sourceTree = "<group>";
		};
		2F66DDD32B0896600034A863 /* ShoppingLIst */ = {
			isa = PBXGroup;
			children = (
			);
			path = ShoppingLIst;
			sourceTree = "<group>";
		};
		2F66DDD42B0896730034A863 /* Planning */ = {
			isa = PBXGroup;
			children = (
			);
			path = Planning;
			sourceTree = "<group>";
		};
		2F66DDE02B0899280034A863 /* Repositories */ = {
			isa = PBXGroup;
			children = (
			);
			path = Repositories;
			sourceTree = "<group>";
		};
		2F66DDE12B0899340034A863 /* UseCases */ = {
			isa = PBXGroup;
			children = (
				2F66DDEA2B089AFF0034A863 /* BaseUseCase.swift */,
			);
			path = UseCases;
			sourceTree = "<group>";
		};
		2F66DDE22B08993E0034A863 /* Entities */ = {
			isa = PBXGroup;
			children = (
				2F66DDE42B0899640034A863 /* Request */,
				2F66DDE32B0899590034A863 /* Response */,
			);
			path = Entities;
			sourceTree = "<group>";
		};
		2F66DDE32B0899590034A863 /* Response */ = {
			isa = PBXGroup;
			children = (
			);
			path = Response;
			sourceTree = "<group>";
		};
		2F66DDE42B0899640034A863 /* Request */ = {
			isa = PBXGroup;
			children = (
			);
			path = Request;
			sourceTree = "<group>";
		};
		2F66DDE52B08997C0034A863 /* Repositories */ = {
			isa = PBXGroup;
			children = (
			);
			path = Repositories;
			sourceTree = "<group>";
		};
		2F66DDE62B0899880034A863 /* Entities */ = {
			isa = PBXGroup;
			children = (
				2F66DDE92B089AB40034A863 /* Database */,
				2F66DDE72B089A980034A863 /* Request */,
				2F66DDE82B089AA30034A863 /* Response */,
			);
			path = Entities;
			sourceTree = "<group>";
		};
		2F66DDE72B089A980034A863 /* Request */ = {
			isa = PBXGroup;
			children = (
			);
			path = Request;
			sourceTree = "<group>";
		};
		2F66DDE82B089AA30034A863 /* Response */ = {
			isa = PBXGroup;
			children = (
			);
			path = Response;
			sourceTree = "<group>";
		};
		2F66DDE92B089AB40034A863 /* Database */ = {
			isa = PBXGroup;
			children = (
				2F8E13742B01DDA0007920E1 /* CookSecret.xcdatamodeld */,
			);
			path = Database;
			sourceTree = "<group>";
		};
		2F66DDEC2B089C440034A863 /* Supporting */ = {
			isa = PBXGroup;
			children = (
				2F66DDFF2B09D4A30034A863 /* Assets */,
				2F66DDF92B09D3F70034A863 /* Launch Screen.storyboard */,
				2F8E13782B01DDA0007920E1 /* Info.plist */,
				2F66DDF72B08A8450034A863 /* Localizable.strings */,
			);
			path = Supporting;
			sourceTree = "<group>";
		};
		2F66DDFF2B09D4A30034A863 /* Assets */ = {
			isa = PBXGroup;
			children = (
				2F66DDFB2B09D4640034A863 /* Icon.xcassets */,
				2F66DDFD2B09D49E0034A863 /* Colors.xcassets */,
				2F8E136D2B01DDA0007920E1 /* Pictures.xcassets */,
			);
			path = Assets;
			sourceTree = "<group>";
		};
		2F8E135D2B01DD9E007920E1 = {
			isa = PBXGroup;
			children = (
				2F8E13772B01DDA0007920E1 /* CookSecret.entitlements */,
				2F8E139A2B01DFC8007920E1 /* .swiftlint.yml */,
				2F8E13682B01DD9E007920E1 /* CookSecret */,
				2F8E13802B01DDA1007920E1 /* CookSecretTests */,
				2F8E138A2B01DDA1007920E1 /* CookSecretUITests */,
				2F8E13672B01DD9E007920E1 /* Products */,
			);
			sourceTree = "<group>";
		};
		2F8E13672B01DD9E007920E1 /* Products */ = {
			isa = PBXGroup;
			children = (
				2F8E13662B01DD9E007920E1 /* CookSecret.app */,
				2F8E137D2B01DDA1007920E1 /* CookSecretTests.xctest */,
				2F8E13872B01DDA1007920E1 /* CookSecretUITests.xctest */,
			);
			name = Products;
			sourceTree = "<group>";
		};
		2F8E13682B01DD9E007920E1 /* CookSecret */ = {
			isa = PBXGroup;
			children = (
				2F66DDC72B0895990034A863 /* Presentation */,
				2F66DDC62B0895930034A863 /* Domain */,
				2F66DDC52B08958B0034A863 /* Data */,
				2F66DDEC2B089C440034A863 /* Supporting */,
			);
			path = CookSecret;
			sourceTree = "<group>";
		};
		2F8E13802B01DDA1007920E1 /* CookSecretTests */ = {
			isa = PBXGroup;
			children = (
				2F8E13812B01DDA1007920E1 /* CookSecretTests.swift */,
			);
			path = CookSecretTests;
			sourceTree = "<group>";
		};
		2F8E138A2B01DDA1007920E1 /* CookSecretUITests */ = {
			isa = PBXGroup;
			children = (
				2F8E138B2B01DDA1007920E1 /* CookSecretUITests.swift */,
				2F8E138D2B01DDA1007920E1 /* CookSecretUITestsLaunchTests.swift */,
			);
			path = CookSecretUITests;
			sourceTree = "<group>";
		};
/* End PBXGroup section */

/* Begin PBXNativeTarget section */
		2F8E13652B01DD9E007920E1 /* CookSecret */ = {
			isa = PBXNativeTarget;
			buildConfigurationList = 2F8E13912B01DDA1007920E1 /* Build configuration list for PBXNativeTarget "CookSecret" */;
			buildPhases = (
				2F8E13622B01DD9E007920E1 /* Sources */,
				2F8E13632B01DD9E007920E1 /* Frameworks */,
				2F8E13642B01DD9E007920E1 /* Resources */,
				2F8E139C2B01DFDF007920E1 /* SwiftLint */,
			);
			buildRules = (
			);
			dependencies = (
			);
			name = CookSecret;
			productName = CookSecret;
			productReference = 2F8E13662B01DD9E007920E1 /* CookSecret.app */;
			productType = "com.apple.product-type.application";
		};
		2F8E137C2B01DDA1007920E1 /* CookSecretTests */ = {
			isa = PBXNativeTarget;
			buildConfigurationList = 2F8E13942B01DDA1007920E1 /* Build configuration list for PBXNativeTarget "CookSecretTests" */;
			buildPhases = (
				2F8E13792B01DDA1007920E1 /* Sources */,
				2F8E137A2B01DDA1007920E1 /* Frameworks */,
				2F8E137B2B01DDA1007920E1 /* Resources */,
			);
			buildRules = (
			);
			dependencies = (
				2F8E137F2B01DDA1007920E1 /* PBXTargetDependency */,
			);
			name = CookSecretTests;
			productName = CookSecretTests;
			productReference = 2F8E137D2B01DDA1007920E1 /* CookSecretTests.xctest */;
			productType = "com.apple.product-type.bundle.unit-test";
		};
		2F8E13862B01DDA1007920E1 /* CookSecretUITests */ = {
			isa = PBXNativeTarget;
			buildConfigurationList = 2F8E13972B01DDA1007920E1 /* Build configuration list for PBXNativeTarget "CookSecretUITests" */;
			buildPhases = (
				2F8E13832B01DDA1007920E1 /* Sources */,
				2F8E13842B01DDA1007920E1 /* Frameworks */,
				2F8E13852B01DDA1007920E1 /* Resources */,
			);
			buildRules = (
			);
			dependencies = (
				2F8E13892B01DDA1007920E1 /* PBXTargetDependency */,
			);
			name = CookSecretUITests;
			productName = CookSecretUITests;
			productReference = 2F8E13872B01DDA1007920E1 /* CookSecretUITests.xctest */;
			productType = "com.apple.product-type.bundle.ui-testing";
		};
/* End PBXNativeTarget section */

/* Begin PBXProject section */
		2F8E135E2B01DD9E007920E1 /* Project object */ = {
			isa = PBXProject;
			attributes = {
				BuildIndependentTargetsInParallel = 1;
				LastSwiftUpdateCheck = 1500;
				LastUpgradeCheck = 1500;
				TargetAttributes = {
					2F8E13652B01DD9E007920E1 = {
						CreatedOnToolsVersion = 15.0.1;
					};
					2F8E137C2B01DDA1007920E1 = {
						CreatedOnToolsVersion = 15.0.1;
						TestTargetID = 2F8E13652B01DD9E007920E1;
					};
					2F8E13862B01DDA1007920E1 = {
						CreatedOnToolsVersion = 15.0.1;
						TestTargetID = 2F8E13652B01DD9E007920E1;
					};
				};
			};
			buildConfigurationList = 2F8E13612B01DD9E007920E1 /* Build configuration list for PBXProject "CookSecret" */;
			compatibilityVersion = "Xcode 14.0";
			developmentRegion = en;
			hasScannedForEncodings = 0;
			knownRegions = (
				en,
				Base,
				es,
			);
			mainGroup = 2F8E135D2B01DD9E007920E1;
			productRefGroup = 2F8E13672B01DD9E007920E1 /* Products */;
			projectDirPath = "";
			projectRoot = "";
			targets = (
				2F8E13652B01DD9E007920E1 /* CookSecret */,
				2F8E137C2B01DDA1007920E1 /* CookSecretTests */,
				2F8E13862B01DDA1007920E1 /* CookSecretUITests */,
			);
		};
/* End PBXProject section */

/* Begin PBXResourcesBuildPhase section */
		2F8E13642B01DD9E007920E1 /* Resources */ = {
			isa = PBXResourcesBuildPhase;
			buildActionMask = 2147483647;
			files = (
				2F8E139B2B01DFC8007920E1 /* .swiftlint.yml in Resources */,
				2F66DDF52B08A8450034A863 /* Localizable.strings in Resources */,
				2F66DDFA2B09D3F70034A863 /* Launch Screen.storyboard in Resources */,
				2F66DDFE2B09D49E0034A863 /* Colors.xcassets in Resources */,
				2F8E136E2B01DDA0007920E1 /* Pictures.xcassets in Resources */,
				2F66DDFC2B09D4640034A863 /* Icon.xcassets in Resources */,
			);
			runOnlyForDeploymentPostprocessing = 0;
		};
		2F8E137B2B01DDA1007920E1 /* Resources */ = {
			isa = PBXResourcesBuildPhase;
			buildActionMask = 2147483647;
			files = (
			);
			runOnlyForDeploymentPostprocessing = 0;
		};
		2F8E13852B01DDA1007920E1 /* Resources */ = {
			isa = PBXResourcesBuildPhase;
			buildActionMask = 2147483647;
			files = (
			);
			runOnlyForDeploymentPostprocessing = 0;
		};
/* End PBXResourcesBuildPhase section */

/* Begin PBXShellScriptBuildPhase section */
		2F8E139C2B01DFDF007920E1 /* SwiftLint */ = {
			isa = PBXShellScriptBuildPhase;
			alwaysOutOfDate = 1;
			buildActionMask = 2147483647;
			files = (
			);
			inputFileListPaths = (
			);
			inputPaths = (
			);
			name = SwiftLint;
			outputFileListPaths = (
			);
			outputPaths = (
			);
			runOnlyForDeploymentPostprocessing = 0;
			shellPath = /bin/sh;
			shellScript = "# Type a script or drag a script file from your workspace to insert its path.\nif [[ \"$(uname -m)\" == arm64 ]]; then\n    export PATH=\"/opt/homebrew/bin:$PATH\"\nfi\n\nif which swiftlint > /dev/null; then\n  swiftlint\nelse\n  echo \"warning: SwiftLint not installed, download from https://github.com/realm/SwiftLint\"\nfi\n";
		};
/* End PBXShellScriptBuildPhase section */

/* Begin PBXSourcesBuildPhase section */
		2F8E13622B01DD9E007920E1 /* Sources */ = {
			isa = PBXSourcesBuildPhase;
			buildActionMask = 2147483647;
			files = (
				2F66DDDF2B0897A90034A863 /* BaseCoordinator.swift in Sources */,
				2F66DDD82B08970A0034A863 /* ImageExtension.swift in Sources */,
				2F66DDD62B0896AC0034A863 /* DependencyInjector.swift in Sources */,
				2F8E13762B01DDA0007920E1 /* CookSecret.xcdatamodeld in Sources */,
				2F66DDF02B089D640034A863 /* BaseViewDidLoadModifier.swift in Sources */,
				2F8E136C2B01DD9E007920E1 /* ContentView.swift in Sources */,
				2F66DDF22B089D990034A863 /* ViewExtension.swift in Sources */,
				2F66DDDD2B08973C0034A863 /* BaseViewModel.swift in Sources */,
				2F66DDDA2B08971A0034A863 /* ColorExtension.swift in Sources */,
				2F66DDEE2B089CD90034A863 /* BaseView.swift in Sources */,
				2F66DDEB2B089AFF0034A863 /* BaseUseCase.swift in Sources */,
				2F8E136A2B01DD9E007920E1 /* CookSecretApp.swift in Sources */,
			);
			runOnlyForDeploymentPostprocessing = 0;
		};
		2F8E13792B01DDA1007920E1 /* Sources */ = {
			isa = PBXSourcesBuildPhase;
			buildActionMask = 2147483647;
			files = (
				2F8E13822B01DDA1007920E1 /* CookSecretTests.swift in Sources */,
			);
			runOnlyForDeploymentPostprocessing = 0;
		};
		2F8E13832B01DDA1007920E1 /* Sources */ = {
			isa = PBXSourcesBuildPhase;
			buildActionMask = 2147483647;
			files = (
				2F8E138E2B01DDA1007920E1 /* CookSecretUITestsLaunchTests.swift in Sources */,
				2F8E138C2B01DDA1007920E1 /* CookSecretUITests.swift in Sources */,
			);
			runOnlyForDeploymentPostprocessing = 0;
		};
/* End PBXSourcesBuildPhase section */

/* Begin PBXTargetDependency section */
		2F8E137F2B01DDA1007920E1 /* PBXTargetDependency */ = {
			isa = PBXTargetDependency;
			target = 2F8E13652B01DD9E007920E1 /* CookSecret */;
			targetProxy = 2F8E137E2B01DDA1007920E1 /* PBXContainerItemProxy */;
		};
		2F8E13892B01DDA1007920E1 /* PBXTargetDependency */ = {
			isa = PBXTargetDependency;
			target = 2F8E13652B01DD9E007920E1 /* CookSecret */;
			targetProxy = 2F8E13882B01DDA1007920E1 /* PBXContainerItemProxy */;
		};
/* End PBXTargetDependency section */

/* Begin PBXVariantGroup section */
		2F66DDF72B08A8450034A863 /* Localizable.strings */ = {
			isa = PBXVariantGroup;
			children = (
				2F66DDF62B08A8450034A863 /* es */,
				2F66DDF82B08A8470034A863 /* en */,
			);
			name = Localizable.strings;
			sourceTree = "<group>";
		};
/* End PBXVariantGroup section */

/* Begin XCBuildConfiguration section */
		2F8E138F2B01DDA1007920E1 /* Debug */ = {
			isa = XCBuildConfiguration;
			buildSettings = {
				ALWAYS_SEARCH_USER_PATHS = NO;
				ASSETCATALOG_COMPILER_GENERATE_SWIFT_ASSET_SYMBOL_EXTENSIONS = YES;
				CLANG_ANALYZER_NONNULL = YES;
				CLANG_ANALYZER_NUMBER_OBJECT_CONVERSION = YES_AGGRESSIVE;
				CLANG_CXX_LANGUAGE_STANDARD = "gnu++20";
				CLANG_ENABLE_MODULES = YES;
				CLANG_ENABLE_OBJC_ARC = YES;
				CLANG_ENABLE_OBJC_WEAK = YES;
				CLANG_WARN_BLOCK_CAPTURE_AUTORELEASING = YES;
				CLANG_WARN_BOOL_CONVERSION = YES;
				CLANG_WARN_COMMA = YES;
				CLANG_WARN_CONSTANT_CONVERSION = YES;
				CLANG_WARN_DEPRECATED_OBJC_IMPLEMENTATIONS = YES;
				CLANG_WARN_DIRECT_OBJC_ISA_USAGE = YES_ERROR;
				CLANG_WARN_DOCUMENTATION_COMMENTS = YES;
				CLANG_WARN_EMPTY_BODY = YES;
				CLANG_WARN_ENUM_CONVERSION = YES;
				CLANG_WARN_INFINITE_RECURSION = YES;
				CLANG_WARN_INT_CONVERSION = YES;
				CLANG_WARN_NON_LITERAL_NULL_CONVERSION = YES;
				CLANG_WARN_OBJC_IMPLICIT_RETAIN_SELF = YES;
				CLANG_WARN_OBJC_LITERAL_CONVERSION = YES;
				CLANG_WARN_OBJC_ROOT_CLASS = YES_ERROR;
				CLANG_WARN_QUOTED_INCLUDE_IN_FRAMEWORK_HEADER = YES;
				CLANG_WARN_RANGE_LOOP_ANALYSIS = YES;
				CLANG_WARN_STRICT_PROTOTYPES = YES;
				CLANG_WARN_SUSPICIOUS_MOVE = YES;
				CLANG_WARN_UNGUARDED_AVAILABILITY = YES_AGGRESSIVE;
				CLANG_WARN_UNREACHABLE_CODE = YES;
				CLANG_WARN__DUPLICATE_METHOD_MATCH = YES;
				COPY_PHASE_STRIP = NO;
				DEBUG_INFORMATION_FORMAT = dwarf;
				ENABLE_STRICT_OBJC_MSGSEND = YES;
				ENABLE_TESTABILITY = YES;
				ENABLE_USER_SCRIPT_SANDBOXING = NO;
				GCC_C_LANGUAGE_STANDARD = gnu17;
				GCC_DYNAMIC_NO_PIC = NO;
				GCC_NO_COMMON_BLOCKS = YES;
				GCC_OPTIMIZATION_LEVEL = 0;
				GCC_PREPROCESSOR_DEFINITIONS = (
					"DEBUG=1",
					"$(inherited)",
				);
				GCC_WARN_64_TO_32_BIT_CONVERSION = YES;
				GCC_WARN_ABOUT_RETURN_TYPE = YES_ERROR;
				GCC_WARN_UNDECLARED_SELECTOR = YES;
				GCC_WARN_UNINITIALIZED_AUTOS = YES_AGGRESSIVE;
				GCC_WARN_UNUSED_FUNCTION = YES;
				GCC_WARN_UNUSED_VARIABLE = YES;
				IPHONEOS_DEPLOYMENT_TARGET = 17.0;
				LOCALIZATION_PREFERS_STRING_CATALOGS = YES;
				MTL_ENABLE_DEBUG_INFO = INCLUDE_SOURCE;
				MTL_FAST_MATH = YES;
				ONLY_ACTIVE_ARCH = YES;
				SDKROOT = iphoneos;
				SWIFT_ACTIVE_COMPILATION_CONDITIONS = "DEBUG $(inherited)";
				SWIFT_OPTIMIZATION_LEVEL = "-Onone";
			};
			name = Debug;
		};
		2F8E13902B01DDA1007920E1 /* Release */ = {
			isa = XCBuildConfiguration;
			buildSettings = {
				ALWAYS_SEARCH_USER_PATHS = NO;
				ASSETCATALOG_COMPILER_GENERATE_SWIFT_ASSET_SYMBOL_EXTENSIONS = YES;
				CLANG_ANALYZER_NONNULL = YES;
				CLANG_ANALYZER_NUMBER_OBJECT_CONVERSION = YES_AGGRESSIVE;
				CLANG_CXX_LANGUAGE_STANDARD = "gnu++20";
				CLANG_ENABLE_MODULES = YES;
				CLANG_ENABLE_OBJC_ARC = YES;
				CLANG_ENABLE_OBJC_WEAK = YES;
				CLANG_WARN_BLOCK_CAPTURE_AUTORELEASING = YES;
				CLANG_WARN_BOOL_CONVERSION = YES;
				CLANG_WARN_COMMA = YES;
				CLANG_WARN_CONSTANT_CONVERSION = YES;
				CLANG_WARN_DEPRECATED_OBJC_IMPLEMENTATIONS = YES;
				CLANG_WARN_DIRECT_OBJC_ISA_USAGE = YES_ERROR;
				CLANG_WARN_DOCUMENTATION_COMMENTS = YES;
				CLANG_WARN_EMPTY_BODY = YES;
				CLANG_WARN_ENUM_CONVERSION = YES;
				CLANG_WARN_INFINITE_RECURSION = YES;
				CLANG_WARN_INT_CONVERSION = YES;
				CLANG_WARN_NON_LITERAL_NULL_CONVERSION = YES;
				CLANG_WARN_OBJC_IMPLICIT_RETAIN_SELF = YES;
				CLANG_WARN_OBJC_LITERAL_CONVERSION = YES;
				CLANG_WARN_OBJC_ROOT_CLASS = YES_ERROR;
				CLANG_WARN_QUOTED_INCLUDE_IN_FRAMEWORK_HEADER = YES;
				CLANG_WARN_RANGE_LOOP_ANALYSIS = YES;
				CLANG_WARN_STRICT_PROTOTYPES = YES;
				CLANG_WARN_SUSPICIOUS_MOVE = YES;
				CLANG_WARN_UNGUARDED_AVAILABILITY = YES_AGGRESSIVE;
				CLANG_WARN_UNREACHABLE_CODE = YES;
				CLANG_WARN__DUPLICATE_METHOD_MATCH = YES;
				COPY_PHASE_STRIP = NO;
				DEBUG_INFORMATION_FORMAT = "dwarf-with-dsym";
				ENABLE_NS_ASSERTIONS = NO;
				ENABLE_STRICT_OBJC_MSGSEND = YES;
				ENABLE_USER_SCRIPT_SANDBOXING = NO;
				GCC_C_LANGUAGE_STANDARD = gnu17;
				GCC_NO_COMMON_BLOCKS = YES;
				GCC_WARN_64_TO_32_BIT_CONVERSION = YES;
				GCC_WARN_ABOUT_RETURN_TYPE = YES_ERROR;
				GCC_WARN_UNDECLARED_SELECTOR = YES;
				GCC_WARN_UNINITIALIZED_AUTOS = YES_AGGRESSIVE;
				GCC_WARN_UNUSED_FUNCTION = YES;
				GCC_WARN_UNUSED_VARIABLE = YES;
				IPHONEOS_DEPLOYMENT_TARGET = 17.0;
				LOCALIZATION_PREFERS_STRING_CATALOGS = YES;
				MTL_ENABLE_DEBUG_INFO = NO;
				MTL_FAST_MATH = YES;
				SDKROOT = iphoneos;
				SWIFT_COMPILATION_MODE = wholemodule;
				VALIDATE_PRODUCT = YES;
			};
			name = Release;
		};
		2F8E13922B01DDA1007920E1 /* Debug */ = {
			isa = XCBuildConfiguration;
			buildSettings = {
				ASSETCATALOG_COMPILER_APPICON_NAME = AppIcon;
				ASSETCATALOG_COMPILER_GLOBAL_ACCENT_COLOR_NAME = AccentColor;
				ASSETCATALOG_COMPILER_INCLUDE_ALL_APPICON_ASSETS = NO;
				CODE_SIGN_ENTITLEMENTS = CookSecret.entitlements;
				CODE_SIGN_STYLE = Automatic;
				CURRENT_PROJECT_VERSION = 1;
				DEVELOPMENT_ASSET_PATHS = "";
				DEVELOPMENT_TEAM = 6QN9DTJL6X;
				ENABLE_PREVIEWS = YES;
				GENERATE_INFOPLIST_FILE = YES;
				INFOPLIST_FILE = CookSecret/Supporting/Info.plist;
				INFOPLIST_KEY_UIApplicationSceneManifest_Generation = YES;
				INFOPLIST_KEY_UIApplicationSupportsIndirectInputEvents = YES;
				INFOPLIST_KEY_UILaunchScreen_Generation = YES;
				INFOPLIST_KEY_UILaunchStoryboardName = "Launch Screen.storyboard";
				INFOPLIST_KEY_UISupportedInterfaceOrientations = UIInterfaceOrientationPortrait;
				INFOPLIST_KEY_UISupportedInterfaceOrientations_iPad = "UIInterfaceOrientationLandscapeLeft UIInterfaceOrientationLandscapeRight UIInterfaceOrientationPortrait UIInterfaceOrientationPortraitUpsideDown";
				LD_RUNPATH_SEARCH_PATHS = (
					"$(inherited)",
					"@executable_path/Frameworks",
				);
				MARKETING_VERSION = 1.0;
				PRODUCT_BUNDLE_IDENTIFIER = alvaro.grimal.CookSecret;
				PRODUCT_NAME = "$(TARGET_NAME)";
				SWIFT_EMIT_LOC_STRINGS = YES;
				SWIFT_VERSION = 5.0;
				TARGETED_DEVICE_FAMILY = "1,2";
			};
			name = Debug;
		};
		2F8E13932B01DDA1007920E1 /* Release */ = {
			isa = XCBuildConfiguration;
			buildSettings = {
				ASSETCATALOG_COMPILER_APPICON_NAME = AppIcon;
				ASSETCATALOG_COMPILER_GLOBAL_ACCENT_COLOR_NAME = AccentColor;
				ASSETCATALOG_COMPILER_INCLUDE_ALL_APPICON_ASSETS = NO;
				CODE_SIGN_ENTITLEMENTS = CookSecret.entitlements;
				CODE_SIGN_STYLE = Automatic;
				CURRENT_PROJECT_VERSION = 1;
				DEVELOPMENT_ASSET_PATHS = "";
				DEVELOPMENT_TEAM = 6QN9DTJL6X;
				ENABLE_PREVIEWS = YES;
				GENERATE_INFOPLIST_FILE = YES;
				INFOPLIST_FILE = CookSecret/Supporting/Info.plist;
				INFOPLIST_KEY_UIApplicationSceneManifest_Generation = YES;
				INFOPLIST_KEY_UIApplicationSupportsIndirectInputEvents = YES;
				INFOPLIST_KEY_UILaunchScreen_Generation = YES;
				INFOPLIST_KEY_UILaunchStoryboardName = "Launch Screen.storyboard";
				INFOPLIST_KEY_UISupportedInterfaceOrientations = UIInterfaceOrientationPortrait;
				INFOPLIST_KEY_UISupportedInterfaceOrientations_iPad = "UIInterfaceOrientationLandscapeLeft UIInterfaceOrientationLandscapeRight UIInterfaceOrientationPortrait UIInterfaceOrientationPortraitUpsideDown";
				LD_RUNPATH_SEARCH_PATHS = (
					"$(inherited)",
					"@executable_path/Frameworks",
				);
				MARKETING_VERSION = 1.0;
				PRODUCT_BUNDLE_IDENTIFIER = alvaro.grimal.CookSecret;
				PRODUCT_NAME = "$(TARGET_NAME)";
				SWIFT_EMIT_LOC_STRINGS = YES;
				SWIFT_VERSION = 5.0;
				TARGETED_DEVICE_FAMILY = "1,2";
			};
			name = Release;
		};
		2F8E13952B01DDA1007920E1 /* Debug */ = {
			isa = XCBuildConfiguration;
			buildSettings = {
				ALWAYS_EMBED_SWIFT_STANDARD_LIBRARIES = YES;
				BUNDLE_LOADER = "$(TEST_HOST)";
				CODE_SIGN_STYLE = Automatic;
				CURRENT_PROJECT_VERSION = 1;
				DEVELOPMENT_TEAM = 6QN9DTJL6X;
				GENERATE_INFOPLIST_FILE = YES;
				IPHONEOS_DEPLOYMENT_TARGET = 17.0;
				MARKETING_VERSION = 1.0;
				PRODUCT_BUNDLE_IDENTIFIER = alvaro.grimal.CookSecretTests;
				PRODUCT_NAME = "$(TARGET_NAME)";
				SWIFT_EMIT_LOC_STRINGS = NO;
				SWIFT_VERSION = 5.0;
				TARGETED_DEVICE_FAMILY = "1,2";
				TEST_HOST = "$(BUILT_PRODUCTS_DIR)/CookSecret.app/$(BUNDLE_EXECUTABLE_FOLDER_PATH)/CookSecret";
			};
			name = Debug;
		};
		2F8E13962B01DDA1007920E1 /* Release */ = {
			isa = XCBuildConfiguration;
			buildSettings = {
				ALWAYS_EMBED_SWIFT_STANDARD_LIBRARIES = YES;
				BUNDLE_LOADER = "$(TEST_HOST)";
				CODE_SIGN_STYLE = Automatic;
				CURRENT_PROJECT_VERSION = 1;
				DEVELOPMENT_TEAM = 6QN9DTJL6X;
				GENERATE_INFOPLIST_FILE = YES;
				IPHONEOS_DEPLOYMENT_TARGET = 17.0;
				MARKETING_VERSION = 1.0;
				PRODUCT_BUNDLE_IDENTIFIER = alvaro.grimal.CookSecretTests;
				PRODUCT_NAME = "$(TARGET_NAME)";
				SWIFT_EMIT_LOC_STRINGS = NO;
				SWIFT_VERSION = 5.0;
				TARGETED_DEVICE_FAMILY = "1,2";
				TEST_HOST = "$(BUILT_PRODUCTS_DIR)/CookSecret.app/$(BUNDLE_EXECUTABLE_FOLDER_PATH)/CookSecret";
			};
			name = Release;
		};
		2F8E13982B01DDA1007920E1 /* Debug */ = {
			isa = XCBuildConfiguration;
			buildSettings = {
				ALWAYS_EMBED_SWIFT_STANDARD_LIBRARIES = YES;
				CODE_SIGN_STYLE = Automatic;
				CURRENT_PROJECT_VERSION = 1;
				DEVELOPMENT_TEAM = 6QN9DTJL6X;
				GENERATE_INFOPLIST_FILE = YES;
				MARKETING_VERSION = 1.0;
				PRODUCT_BUNDLE_IDENTIFIER = alvaro.grimal.CookSecretUITests;
				PRODUCT_NAME = "$(TARGET_NAME)";
				SWIFT_EMIT_LOC_STRINGS = NO;
				SWIFT_VERSION = 5.0;
				TARGETED_DEVICE_FAMILY = "1,2";
				TEST_TARGET_NAME = CookSecret;
			};
			name = Debug;
		};
		2F8E13992B01DDA1007920E1 /* Release */ = {
			isa = XCBuildConfiguration;
			buildSettings = {
				ALWAYS_EMBED_SWIFT_STANDARD_LIBRARIES = YES;
				CODE_SIGN_STYLE = Automatic;
				CURRENT_PROJECT_VERSION = 1;
				DEVELOPMENT_TEAM = 6QN9DTJL6X;
				GENERATE_INFOPLIST_FILE = YES;
				MARKETING_VERSION = 1.0;
				PRODUCT_BUNDLE_IDENTIFIER = alvaro.grimal.CookSecretUITests;
				PRODUCT_NAME = "$(TARGET_NAME)";
				SWIFT_EMIT_LOC_STRINGS = NO;
				SWIFT_VERSION = 5.0;
				TARGETED_DEVICE_FAMILY = "1,2";
				TEST_TARGET_NAME = CookSecret;
			};
			name = Release;
		};
/* End XCBuildConfiguration section */

/* Begin XCConfigurationList section */
		2F8E13612B01DD9E007920E1 /* Build configuration list for PBXProject "CookSecret" */ = {
			isa = XCConfigurationList;
			buildConfigurations = (
				2F8E138F2B01DDA1007920E1 /* Debug */,
				2F8E13902B01DDA1007920E1 /* Release */,
			);
			defaultConfigurationIsVisible = 0;
			defaultConfigurationName = Release;
		};
		2F8E13912B01DDA1007920E1 /* Build configuration list for PBXNativeTarget "CookSecret" */ = {
			isa = XCConfigurationList;
			buildConfigurations = (
				2F8E13922B01DDA1007920E1 /* Debug */,
				2F8E13932B01DDA1007920E1 /* Release */,
			);
			defaultConfigurationIsVisible = 0;
			defaultConfigurationName = Release;
		};
		2F8E13942B01DDA1007920E1 /* Build configuration list for PBXNativeTarget "CookSecretTests" */ = {
			isa = XCConfigurationList;
			buildConfigurations = (
				2F8E13952B01DDA1007920E1 /* Debug */,
				2F8E13962B01DDA1007920E1 /* Release */,
			);
			defaultConfigurationIsVisible = 0;
			defaultConfigurationName = Release;
		};
		2F8E13972B01DDA1007920E1 /* Build configuration list for PBXNativeTarget "CookSecretUITests" */ = {
			isa = XCConfigurationList;
			buildConfigurations = (
				2F8E13982B01DDA1007920E1 /* Debug */,
				2F8E13992B01DDA1007920E1 /* Release */,
			);
			defaultConfigurationIsVisible = 0;
			defaultConfigurationName = Release;
		};
/* End XCConfigurationList section */

/* Begin XCVersionGroup section */
		2F8E13742B01DDA0007920E1 /* CookSecret.xcdatamodeld */ = {
			isa = XCVersionGroup;
			children = (
				2F8E13752B01DDA0007920E1 /* CookSecret.xcdatamodel */,
			);
			currentVersion = 2F8E13752B01DDA0007920E1 /* CookSecret.xcdatamodel */;
			path = CookSecret.xcdatamodeld;
			sourceTree = "<group>";
			versionGroupType = wrapper.xcdatamodel;
		};
/* End XCVersionGroup section */
	};
	rootObject = 2F8E135E2B01DD9E007920E1 /* Project object */;
}
